<?xml version="1.0" encoding="utf-8"?>
<Project ToolsVersion="4.0" xmlns="http://schemas.microsoft.com/developer/msbuild/2003">
  <ItemGroup>
    <Filter Include="App">
      <UniqueIdentifier>{46D6870B-B2DF-877C-3B5B-9E7CA763937C}</UniqueIdentifier>
    </Filter>
    <Filter Include="App\Game">
      <UniqueIdentifier>{AFCBA12E-9B98-FC39-C4B1-EAE1B0DD31C8}</UniqueIdentifier>
    </Filter>
    <Filter Include="App\GameData">
      <UniqueIdentifier>{E90015FD-D563-A4A1-7EE9-DC576A2B7024}</UniqueIdentifier>
    </Filter>
    <Filter Include="App\Scenes">
      <UniqueIdentifier>{B65C617A-A214-A3C7-0B1C-7C23F7F23DB8}</UniqueIdentifier>
    </Filter>
    <Filter Include="App\Scenes\Sample">
      <UniqueIdentifier>{8780356D-F396-3303-3C0E-BF24A863048B}</UniqueIdentifier>
    </Filter>
    <Filter Include="Engine">
      <UniqueIdentifier>{DBC7D3B0-C769-FE86-B024-12DB9C6585D7}</UniqueIdentifier>
    </Filter>
    <Filter Include="Engine\3D">
      <UniqueIdentifier>{C14C8BD1-2DB7-3F48-76F5-F0EDE29E1D9D}</UniqueIdentifier>
    </Filter>
    <Filter Include="Engine\3D\Base3D">
      <UniqueIdentifier>{82F700B3-6EF0-1F05-9722-058A837AFF10}</UniqueIdentifier>
    </Filter>
    <Filter Include="Engine\3D\Base3D\WorldEntity">
      <UniqueIdentifier>{56B71E89-4272-0E35-EB29-877FD7C358C5}</UniqueIdentifier>
    </Filter>
    <Filter Include="Engine\3D\Base3D\WorldTransform">
      <UniqueIdentifier>{951E359A-0102-44DA-0A05-721676670A2B}</UniqueIdentifier>
    </Filter>
    <Filter Include="Engine\3D\Camera3Ds">
      <UniqueIdentifier>{A3B5DC05-0F17-BA13-9884-00C604E5F0D2}</UniqueIdentifier>
    </Filter>
    <Filter Include="Engine\3D\Camera3Ds\Camera3D">
      <UniqueIdentifier>{52563DD1-3E11-2D7D-E7C8-A5C7D362770D}</UniqueIdentifier>
    </Filter>
    <Filter Include="Engine\3D\Camera3Ds\DebugCamera3D">
      <UniqueIdentifier>{7951129E-E5BF-671D-2EA9-221D9A565DB9}</UniqueIdentifier>
    </Filter>
    <Filter Include="Engine\3D\RenderObjects3D">
      <UniqueIdentifier>{D1CC20B2-3D8F-543C-863F-E3C8F2402D1A}</UniqueIdentifier>
    </Filter>
    <Filter Include="Engine\3D\RenderObjects3D\BaseRenderable3D">
      <UniqueIdentifier>{464F0611-32B7-CCDE-9B22-E1F487A9E3CA}</UniqueIdentifier>
    </Filter>
    <Filter Include="Engine\3D\RenderObjects3D\Object3D">
      <UniqueIdentifier>{CE35FA8F-BA71-FDF9-2384-15F10FDFA514}</UniqueIdentifier>
    </Filter>
    <Filter Include="Engine\3D\RenderObjects3D\Object3DSkinning">
      <UniqueIdentifier>{CFDD632C-BB45-2AFA-24B1-3E10103841E6}</UniqueIdentifier>
    </Filter>
    <Filter Include="Engine\3D\RenderObjects3D\Primitive3D">
      <UniqueIdentifier>{90BF9EE8-FC83-9DD8-C5E9-CDA2316D390E}</UniqueIdentifier>
    </Filter>
    <Filter Include="Engine\3D\Shapes3D">
      <UniqueIdentifier>{2B183A19-17FC-FA6E-805C-F5C16C5FE5F0}</UniqueIdentifier>
    </Filter>
    <Filter Include="Engine\3D\Shapes3D\Mesh">
      <UniqueIdentifier>{C7601551-3398-5DE8-3CA2-C10BA85884E1}</UniqueIdentifier>
    </Filter>
    <Filter Include="Engine\3D\Shapes3D\Model">
      <UniqueIdentifier>{ABB5C673-97DA-15F4-C025-FB83ACA91412}</UniqueIdentifier>
    </Filter>
    <Filter Include="Engine\3D\Shapes3D\PrimitiveShapes3D">
      <UniqueIdentifier>{6EC01DF9-5AA7-DFF0-03F8-450EEFBD5857}</UniqueIdentifier>
    </Filter>
    <Filter Include="Engine\3D\Shapes3D\PrimitiveShapes3D\BasePrimitiveShape3D">
      <UniqueIdentifier>{B90AEE94-257D-30B1-6E11-6635DAC2FAA9}</UniqueIdentifier>
    </Filter>
    <Filter Include="Engine\3D\Shapes3D\PrimitiveShapes3D\Plane">
      <UniqueIdentifier>{EDDC7ACF-D944-419D-42B0-55B32E375889}</UniqueIdentifier>
    </Filter>
    <Filter Include="Engine\3D\Shapes3D\PrimitiveShapes3D\Sphere">
      <UniqueIdentifier>{E40822C6-506E-B54C-D946-572545ABAABB}</UniqueIdentifier>
    </Filter>
    <Filter Include="Engine\3D\Shapes3D\SkinningMesh">
      <UniqueIdentifier>{484D8AC4-B430-9904-BD33-C74029965F55}</UniqueIdentifier>
    </Filter>
    <Filter Include="Engine\3D\Shapes3D\SkinningModel">
      <UniqueIdentifier>{4C32D955-3883-C497-61E7-B2594D975701}</UniqueIdentifier>
    </Filter>
    <Filter Include="Engine\3D\Skeleton">
      <UniqueIdentifier>{151B3509-01FF-F55E-6A5F-F0B15662E0E0}</UniqueIdentifier>
    </Filter>
    <Filter Include="Engine\AssetContainers">
      <UniqueIdentifier>{C08CB08C-AC86-D9DE-95F3-6FEF818C3F4B}</UniqueIdentifier>
    </Filter>
    <Filter Include="Engine\AssetContainers\AnimationDataContainer">
      <UniqueIdentifier>{CCE34911-3854-4C8A-0173-C6126DA2848B}</UniqueIdentifier>
    </Filter>
    <Filter Include="Engine\AssetContainers\ModelDataContainer">
      <UniqueIdentifier>{BD6F7B17-298A-DEB8-72AC-EE4CDE0506C0}</UniqueIdentifier>
    </Filter>
    <Filter Include="Engine\AssetContainers\SoundDataContainer">
      <UniqueIdentifier>{35CF085F-A1E9-6B00-EA0B-7C9456659307}</UniqueIdentifier>
    </Filter>
    <Filter Include="Engine\AssetContainers\TextureDataContainer">
      <UniqueIdentifier>{DD0F72B6-4975-053D-D24D-A7153EB2FAAB}</UniqueIdentifier>
    </Filter>
    <Filter Include="Engine\BaseScene">
      <UniqueIdentifier>{F34FD70C-DF48-F65E-087B-DBE3F4D2D56A}</UniqueIdentifier>
    </Filter>
    <Filter Include="Engine\Camera3DManager">
      <UniqueIdentifier>{256F4171-1169-6AC3-FAD5-00D4E66ED02F}</UniqueIdentifier>
    </Filter>
    <Filter Include="Engine\ComputePipelines">
      <UniqueIdentifier>{F0A2B4EE-5CDA-FC85-65E4-60A9D19A237F}</UniqueIdentifier>
    </Filter>
    <Filter Include="Engine\ComputePipelines\SkinningComputePipeline">
      <UniqueIdentifier>{D39AF44C-3FD6-5410-48CB-D19FB485D940}</UniqueIdentifier>
    </Filter>
    <Filter Include="Engine\DeltaTimer">
      <UniqueIdentifier>{B5E83FAE-21FF-3D44-6A76-C965D6CB0ECC}</UniqueIdentifier>
    </Filter>
    <Filter Include="Engine\DirectInput">
      <UniqueIdentifier>{35AACD4B-218E-8EA1-8AEE-88F476F17823}</UniqueIdentifier>
    </Filter>
    <Filter Include="Engine\DirectX">
      <UniqueIdentifier>{9D55E305-8923-D70B-72B7-47325E24B370}</UniqueIdentifier>
    </Filter>
    <Filter Include="Engine\DirectX\ComPtr">
      <UniqueIdentifier>{81D5E1AE-ED41-9DA9-B635-35072261BF11}</UniqueIdentifier>
    </Filter>
    <Filter Include="Engine\DirectX\DXGI">
      <UniqueIdentifier>{F8A8F3E3-640A-D1F1-ED77-17A459D807B1}</UniqueIdentifier>
    </Filter>
    <Filter Include="Engine\DirectX\DepthStencil">
      <UniqueIdentifier>{53D5CEAB-BFE2-FC91-48C9-F87CB4D5C848}</UniqueIdentifier>
    </Filter>
    <Filter Include="Engine\DirectX\DirectXCommand">
      <UniqueIdentifier>{3E48408C-AA60-27B6-730D-B74FDFE4BB4F}</UniqueIdentifier>
    </Filter>
    <Filter Include="Engine\DirectX\Fence">
      <UniqueIdentifier>{8DC39462-7952-1E2C-2271-32270EDF2ED2}</UniqueIdentifier>
    </Filter>
    <Filter Include="Engine\DirectX\RenderTarget">
      <UniqueIdentifier>{F366DE4B-5F74-0C32-E85A-081D5467D8E8}</UniqueIdentifier>
    </Filter>
    <Filter Include="Engine\DirectX\ResourceBarrier">
      <UniqueIdentifier>{5BF90065-471F-CBCB-3065-50971C2AF097}</UniqueIdentifier>
    </Filter>
    <Filter Include="Engine\DirectX\ScissorRect">
      <UniqueIdentifier>{2030D77F-0C40-8350-75F9-E76E612872E9}</UniqueIdentifier>
    </Filter>
    <Filter Include="Engine\DirectX\ShaderCompiler">
      <UniqueIdentifier>{DEE560E4-4AFE-470E-13AB-D7A77F82DCA7}</UniqueIdentifier>
    </Filter>
    <Filter Include="Engine\DirectX\SwapChain">
      <UniqueIdentifier>{2AE29919-1607-E999-3F52-CE292BD6E7B7}</UniqueIdentifier>
    </Filter>
    <Filter Include="Engine\DirectX\Viewport">
      <UniqueIdentifier>{6CE1C899-D818-1131-E122-75544DD9372A}</UniqueIdentifier>
    </Filter>
    <Filter Include="Engine\FPSController">
      <UniqueIdentifier>{F7CFC980-E35E-534A-8C7D-674578EB63F0}</UniqueIdentifier>
    </Filter>
    <Filter Include="Engine\Framework">
      <UniqueIdentifier>{18128A39-040B-A98B-2D3D-8E1019958897}</UniqueIdentifier>
    </Filter>
    <Filter Include="Engine\GUI">
      <UniqueIdentifier>{6F3CF502-5BF4-3650-C4FB-0FACB0D2D140}</UniqueIdentifier>
    </Filter>
    <Filter Include="Engine\GraphicsPipelines">
      <UniqueIdentifier>{04191357-F03D-62D7-1989-4767050D61F5}</UniqueIdentifier>
    </Filter>
    <Filter Include="Engine\GraphicsPipelines\Object3DGraphicsPipeline">
      <UniqueIdentifier>{680091E8-D4C6-ED04-1D22-7C6789275C69}</UniqueIdentifier>
    </Filter>
    <Filter Include="Engine\GraphicsPipelines\Object3DGraphicsPipelineNormalMap">
      <UniqueIdentifier>{0FE23AFB-FBA1-CB9F-64BF-B3AA509EDEB1}</UniqueIdentifier>
    </Filter>
    <Filter Include="Engine\ImGuiController">
      <UniqueIdentifier>{2954621B-154E-8B6D-FEBA-217EEA53F1D9}</UniqueIdentifier>
    </Filter>
    <Filter Include="Engine\Includes">
      <UniqueIdentifier>{614805BE-CDD3-7282-D6E4-F57642EFCE82}</UniqueIdentifier>
    </Filter>
    <Filter Include="Engine\Includes\Enums">
      <UniqueIdentifier>{58AF6D6C-C41B-2967-8D0F-C1C4F93A4BCF}</UniqueIdentifier>
    </Filter>
    <Filter Include="Engine\Includes\MAGIUitility">
      <UniqueIdentifier>{8B8808BB-7743-F866-20FB-70B10C9542F7}</UniqueIdentifier>
    </Filter>
    <Filter Include="Engine\Includes\Math">
      <UniqueIdentifier>{DA115522-C6A0-DEEB-6FBF-F2E65B2DEF91}</UniqueIdentifier>
    </Filter>
    <Filter Include="Engine\Includes\Math\Types">
      <UniqueIdentifier>{FE500C6D-EA60-B83D-531A-1D5C3F49A7D6}</UniqueIdentifier>
    </Filter>
    <Filter Include="Engine\Includes\Math\Utility">
      <UniqueIdentifier>{1D0A3A22-09C5-29CE-B27C-A2189E16745E}</UniqueIdentifier>
    </Filter>
    <Filter Include="Engine\Includes\Structs">
      <UniqueIdentifier>{88101382-F447-5B19-FD51-BF3C69088212}</UniqueIdentifier>
    </Filter>
    <Filter Include="Engine\LeakChecker">
      <UniqueIdentifier>{DC9A7F7A-C87E-40D0-31DF-3A231DE22A52}</UniqueIdentifier>
    </Filter>
    <Filter Include="Engine\Logger">
      <UniqueIdentifier>{4A198B49-B6D9-0680-7F14-50FDEB934B5C}</UniqueIdentifier>
    </Filter>
    <Filter Include="Engine\PipelineManagers">
      <UniqueIdentifier>{0ED9C9FB-7A10-1293-831A-76B6EFD0388C}</UniqueIdentifier>
    </Filter>
    <Filter Include="Engine\PipelineManagers\ComputePipelineManager">
      <UniqueIdentifier>{EB927927-D710-CAC0-C008-8858AC250CE9}</UniqueIdentifier>
    </Filter>
    <Filter Include="Engine\PipelineManagers\GraphicsPipelineManager">
      <UniqueIdentifier>{5F42992D-CB7D-F9F0-D472-7680402D7E21}</UniqueIdentifier>
    </Filter>
    <Filter Include="Engine\PunctualLightManager">
      <UniqueIdentifier>{896CE737-F579-151E-7E60-1109EA6CE1D4}</UniqueIdentifier>
    </Filter>
    <Filter Include="Engine\SceneManager">
      <UniqueIdentifier>{1385C7BD-7FE6-A4CB-0854-EB7D74B4DB8A}</UniqueIdentifier>
    </Filter>
    <Filter Include="Engine\ViewManagers">
      <UniqueIdentifier>{D3B4F983-3F16-D791-C883-1D4434E40D51}</UniqueIdentifier>
    </Filter>
    <Filter Include="Engine\ViewManagers\BaseViewManager">
      <UniqueIdentifier>{534861A2-BF01-CC4C-4861-E626B41982BC}</UniqueIdentifier>
    </Filter>
    <Filter Include="Engine\ViewManagers\DSVManager">
      <UniqueIdentifier>{6A4C67AF-5672-3116-3FB8-B6E12B7D56E2}</UniqueIdentifier>
    </Filter>
    <Filter Include="Engine\ViewManagers\RTVManager">
      <UniqueIdentifier>{39AD775C-25D3-41C3-0E19-C78EFADD668F}</UniqueIdentifier>
    </Filter>
    <Filter Include="Engine\ViewManagers\SRVUAVManager">
      <UniqueIdentifier>{042C36C3-709A-8B42-B983-4642253181DE}</UniqueIdentifier>
    </Filter>
    <Filter Include="Engine\WindowApp">
      <UniqueIdentifier>{83F0E77B-6FE9-06CE-981B-EC528473E6D9}</UniqueIdentifier>
    </Filter>
  </ItemGroup>
  <ItemGroup>
    <ClInclude Include="App\Game\Game.h">
      <Filter>App\Game</Filter>
    </ClInclude>
    <ClInclude Include="App\GameData\GameData.h">
      <Filter>App\GameData</Filter>
    </ClInclude>
    <ClInclude Include="App\Scenes\Sample\SampleScene.h">
      <Filter>App\Scenes\Sample</Filter>
    </ClInclude>
    <ClInclude Include="Engine\3D\Base3D\WorldEntity\WorldEntity.h">
      <Filter>Engine\3D\Base3D\WorldEntity</Filter>
    </ClInclude>
    <ClInclude Include="Engine\3D\Base3D\WorldTransform\WorldTransform.h">
      <Filter>Engine\3D\Base3D\WorldTransform</Filter>
    </ClInclude>
    <ClInclude Include="Engine\3D\Camera3Ds\Camera3D\Camera3D.h">
      <Filter>Engine\3D\Camera3Ds\Camera3D</Filter>
    </ClInclude>
    <ClInclude Include="Engine\3D\Camera3Ds\DebugCamera3D\DebugCamera3D.h">
      <Filter>Engine\3D\Camera3Ds\DebugCamera3D</Filter>
    </ClInclude>
    <ClInclude Include="Engine\3D\RenderObjects3D\BaseRenderable3D\BaseRenderable3D.h">
      <Filter>Engine\3D\RenderObjects3D\BaseRenderable3D</Filter>
    </ClInclude>
    <ClInclude Include="Engine\3D\RenderObjects3D\Object3D\Object3D.h">
      <Filter>Engine\3D\RenderObjects3D\Object3D</Filter>
    </ClInclude>
    <ClInclude Include="Engine\3D\RenderObjects3D\Object3DSkinning\Object3DSkinning.h">
      <Filter>Engine\3D\RenderObjects3D\Object3DSkinning</Filter>
    </ClInclude>
    <ClInclude Include="Engine\3D\RenderObjects3D\Primitive3D\Primitive3D.h">
      <Filter>Engine\3D\RenderObjects3D\Primitive3D</Filter>
    </ClInclude>
    <ClInclude Include="Engine\3D\Shapes3D\Mesh\Mesh.h">
      <Filter>Engine\3D\Shapes3D\Mesh</Filter>
    </ClInclude>
    <ClInclude Include="Engine\3D\Shapes3D\Model\Model.h">
      <Filter>Engine\3D\Shapes3D\Model</Filter>
    </ClInclude>
    <ClInclude Include="Engine\3D\Shapes3D\PrimitiveShapes3D\BasePrimitiveShape3D\BasePrimitiveShape3D.h">
      <Filter>Engine\3D\Shapes3D\PrimitiveShapes3D\BasePrimitiveShape3D</Filter>
    </ClInclude>
    <ClInclude Include="Engine\3D\Shapes3D\PrimitiveShapes3D\Plane\Plane.h">
      <Filter>Engine\3D\Shapes3D\PrimitiveShapes3D\Plane</Filter>
    </ClInclude>
    <ClInclude Include="Engine\3D\Shapes3D\PrimitiveShapes3D\Sphere\Sphere.h">
      <Filter>Engine\3D\Shapes3D\PrimitiveShapes3D\Sphere</Filter>
    </ClInclude>
    <ClInclude Include="Engine\3D\Shapes3D\SkinningMesh\SkinningMesh.h">
      <Filter>Engine\3D\Shapes3D\SkinningMesh</Filter>
    </ClInclude>
    <ClInclude Include="Engine\3D\Shapes3D\SkinningModel\SkinningModel.h">
      <Filter>Engine\3D\Shapes3D\SkinningModel</Filter>
    </ClInclude>
    <ClInclude Include="Engine\3D\Skeleton\Skeleton.h">
      <Filter>Engine\3D\Skeleton</Filter>
    </ClInclude>
    <ClInclude Include="Engine\AssetContainers\AnimationDataContainer\AnimationDataContainer.h">
      <Filter>Engine\AssetContainers\AnimationDataContainer</Filter>
    </ClInclude>
    <ClInclude Include="Engine\AssetContainers\ModelDataContainer\ModelDataContainer.h">
      <Filter>Engine\AssetContainers\ModelDataContainer</Filter>
    </ClInclude>
    <ClInclude Include="Engine\AssetContainers\SoundDataContainer\SoundDataContainer.h">
      <Filter>Engine\AssetContainers\SoundDataContainer</Filter>
    </ClInclude>
    <ClInclude Include="Engine\AssetContainers\TextureDataContainer\TextureDataContainer.h">
      <Filter>Engine\AssetContainers\TextureDataContainer</Filter>
    </ClInclude>
    <ClInclude Include="Engine\BaseScene\BaseScene.h">
      <Filter>Engine\BaseScene</Filter>
    </ClInclude>
    <ClInclude Include="Engine\Camera3DManager\Camera3DManager.h">
      <Filter>Engine\Camera3DManager</Filter>
    </ClInclude>
    <ClInclude Include="Engine\ComputePipelines\SkinningComputePipeline\SkinningComputePipeline.h">
      <Filter>Engine\ComputePipelines\SkinningComputePipeline</Filter>
    </ClInclude>
    <ClInclude Include="Engine\DeltaTimer\DeltaTimer.h">
      <Filter>Engine\DeltaTimer</Filter>
    </ClInclude>
    <ClInclude Include="Engine\DirectInput\DirectInput.h">
      <Filter>Engine\DirectInput</Filter>
    </ClInclude>
    <ClInclude Include="Engine\DirectX\ComPtr\ComPtr.h">
      <Filter>Engine\DirectX\ComPtr</Filter>
    </ClInclude>
    <ClInclude Include="Engine\DirectX\DXGI\DXGI.h">
      <Filter>Engine\DirectX\DXGI</Filter>
    </ClInclude>
    <ClInclude Include="Engine\DirectX\DepthStencil\DepthStencil.h">
      <Filter>Engine\DirectX\DepthStencil</Filter>
    </ClInclude>
    <ClInclude Include="Engine\DirectX\DirectXCommand\DirectXCommand.h">
      <Filter>Engine\DirectX\DirectXCommand</Filter>
    </ClInclude>
    <ClInclude Include="Engine\DirectX\Fence\Fence.h">
      <Filter>Engine\DirectX\Fence</Filter>
    </ClInclude>
    <ClInclude Include="Engine\DirectX\RenderTarget\RenderTarget.h">
      <Filter>Engine\DirectX\RenderTarget</Filter>
    </ClInclude>
    <ClInclude Include="Engine\DirectX\ResourceBarrier\ResourceBarrier.h">
      <Filter>Engine\DirectX\ResourceBarrier</Filter>
    </ClInclude>
    <ClInclude Include="Engine\DirectX\ScissorRect\ScissorRect.h">
      <Filter>Engine\DirectX\ScissorRect</Filter>
    </ClInclude>
    <ClInclude Include="Engine\DirectX\ShaderCompiler\ShaderCompiler.h">
      <Filter>Engine\DirectX\ShaderCompiler</Filter>
    </ClInclude>
    <ClInclude Include="Engine\DirectX\SwapChain\SwapChain.h">
      <Filter>Engine\DirectX\SwapChain</Filter>
    </ClInclude>
    <ClInclude Include="Engine\DirectX\Viewport\Viewport.h">
      <Filter>Engine\DirectX\Viewport</Filter>
    </ClInclude>
    <ClInclude Include="Engine\FPSController\FPSController.h">
      <Filter>Engine\FPSController</Filter>
    </ClInclude>
    <ClInclude Include="Engine\Framework\MAGI.h">
      <Filter>Engine\Framework</Filter>
    </ClInclude>
    <ClInclude Include="Engine\GUI\GUI.h">
      <Filter>Engine\GUI</Filter>
    </ClInclude>
    <ClInclude Include="Engine\GraphicsPipelines\Object3DGraphicsPipeline\Object3DGraphicsPipeline.h">
      <Filter>Engine\GraphicsPipelines\Object3DGraphicsPipeline</Filter>
    </ClInclude>
    <ClInclude Include="Engine\ImGuiController\ImGuiController.h">
      <Filter>Engine\ImGuiController</Filter>
    </ClInclude>
    <ClInclude Include="Engine\Includes\Enums\BlendModeEnum.h">
      <Filter>Engine\Includes\Enums</Filter>
    </ClInclude>
    <ClInclude Include="Engine\Includes\Enums\ComputePipelineEnum.h">
      <Filter>Engine\Includes\Enums</Filter>
    </ClInclude>
    <ClInclude Include="Engine\Includes\Enums\GraphicsPipelineEnum.h">
      <Filter>Engine\Includes\Enums</Filter>
    </ClInclude>
    <ClInclude Include="Engine\Includes\Enums\MouseInputEnum.h">
      <Filter>Engine\Includes\Enums</Filter>
    </ClInclude>
    <ClInclude Include="Engine\Includes\Enums\Primitive3DEnum.h">
      <Filter>Engine\Includes\Enums</Filter>
    </ClInclude>
    <ClInclude Include="Engine\Includes\Enums\PunctualLightDataEnum.h">
      <Filter>Engine\Includes\Enums</Filter>
    </ClInclude>
    <ClInclude Include="Engine\Includes\Enums\RenderTargetEnumh.h">
      <Filter>Engine\Includes\Enums</Filter>
    </ClInclude>
    <ClInclude Include="Engine\Includes\Enums\XInputEnum.h">
      <Filter>Engine\Includes\Enums</Filter>
    </ClInclude>
    <ClInclude Include="Engine\Includes\MAGIUitility\MAGIUtility.h">
      <Filter>Engine\Includes\MAGIUitility</Filter>
    </ClInclude>
    <ClInclude Include="Engine\Includes\Math\Types\Matrix2x2.h">
      <Filter>Engine\Includes\Math\Types</Filter>
    </ClInclude>
    <ClInclude Include="Engine\Includes\Math\Types\Matrix3x3.h">
      <Filter>Engine\Includes\Math\Types</Filter>
    </ClInclude>
    <ClInclude Include="Engine\Includes\Math\Types\Matrix4x4.h">
      <Filter>Engine\Includes\Math\Types</Filter>
    </ClInclude>
    <ClInclude Include="Engine\Includes\Math\Types\Quaternion.h">
      <Filter>Engine\Includes\Math\Types</Filter>
    </ClInclude>
    <ClInclude Include="Engine\Includes\Math\Types\Vector2.h">
      <Filter>Engine\Includes\Math\Types</Filter>
    </ClInclude>
    <ClInclude Include="Engine\Includes\Math\Types\Vector3.h">
      <Filter>Engine\Includes\Math\Types</Filter>
    </ClInclude>
    <ClInclude Include="Engine\Includes\Math\Types\Vector4.h">
      <Filter>Engine\Includes\Math\Types</Filter>
    </ClInclude>
    <ClInclude Include="Engine\Includes\Math\Utility\MathUtility.h">
      <Filter>Engine\Includes\Math\Utility</Filter>
    </ClInclude>
    <ClInclude Include="Engine\Includes\Structs\AnimationStruct.h">
      <Filter>Engine\Includes\Structs</Filter>
    </ClInclude>
    <ClInclude Include="Engine\Includes\Structs\CameraStruct.h">
      <Filter>Engine\Includes\Structs</Filter>
    </ClInclude>
    <ClInclude Include="Engine\Includes\Structs\ColorStruct.h">
      <Filter>Engine\Includes\Structs</Filter>
    </ClInclude>
    <ClInclude Include="Engine\Includes\Structs\ModelStruct.h">
      <Filter>Engine\Includes\Structs</Filter>
    </ClInclude>
    <ClInclude Include="Engine\Includes\Structs\ObjectStruct.h">
      <Filter>Engine\Includes\Structs</Filter>
    </ClInclude>
    <ClInclude Include="Engine\Includes\Structs\PunctualLightStruct.h">
      <Filter>Engine\Includes\Structs</Filter>
    </ClInclude>
    <ClInclude Include="Engine\Includes\Structs\SkeletonStruct.h">
      <Filter>Engine\Includes\Structs</Filter>
    </ClInclude>
    <ClInclude Include="Engine\Includes\Structs\SkinningStruct.h">
      <Filter>Engine\Includes\Structs</Filter>
    </ClInclude>
    <ClInclude Include="Engine\Includes\Structs\TextureStruct.h">
      <Filter>Engine\Includes\Structs</Filter>
    </ClInclude>
    <ClInclude Include="Engine\LeakChecker\D3DResourceLeakChecker.h">
      <Filter>Engine\LeakChecker</Filter>
    </ClInclude>
    <ClInclude Include="Engine\Includes\Logger\Logger.h">
      <Filter>Engine\Logger</Filter>
    </ClInclude>
    <ClInclude Include="Engine\PipelineManagers\ComputePipelineManager\ComputePipelineManager.h">
      <Filter>Engine\PipelineManagers\ComputePipelineManager</Filter>
    </ClInclude>
    <ClInclude Include="Engine\PipelineManagers\GraphicsPipelineManager\GraphicsPipelineManager.h">
      <Filter>Engine\PipelineManagers\GraphicsPipelineManager</Filter>
    </ClInclude>
    <ClInclude Include="Engine\PunctualLightManager\PunctualLightManager.h">
      <Filter>Engine\PunctualLightManager</Filter>
    </ClInclude>
    <ClInclude Include="Engine\SceneManager\SceneManager.h">
      <Filter>Engine\SceneManager</Filter>
    </ClInclude>
    <ClInclude Include="Engine\ViewManagers\BaseViewManager\BaseViewManager.h">
      <Filter>Engine\ViewManagers\BaseViewManager</Filter>
    </ClInclude>
    <ClInclude Include="Engine\ViewManagers\DSVManager\DSVManager.h">
      <Filter>Engine\ViewManagers\DSVManager</Filter>
    </ClInclude>
    <ClInclude Include="Engine\ViewManagers\RTVManager\RTVManager.h">
      <Filter>Engine\ViewManagers\RTVManager</Filter>
    </ClInclude>
    <ClInclude Include="Engine\ViewManagers\SRVUAVManager\SRVUAVManager.h">
      <Filter>Engine\ViewManagers\SRVUAVManager</Filter>
    </ClInclude>
    <ClInclude Include="Engine\WindowApp\WindowApp.h">
      <Filter>Engine\WindowApp</Filter>
    </ClInclude>
    <ClInclude Include="Engine\AssetContainers\PrimitiveShapeDataContainer\PrimitiveShapeDataContainer.h" />
    <ClInclude Include="Engine\2D\Object2D\Object2D.h" />
    <ClInclude Include="Engine\2D\WorldTransform2D\WorldTransform2D.h" />
    <ClInclude Include="Engine\GraphicsPipelines\Object2DGraphicsPipeline\Object2DGraphicsPipeline.h" />
    <ClInclude Include="Engine\Includes\Random\Random.h" />
    <ClInclude Include="Engine\LineDrawer3D\LineDrawer3D.h" />
    <ClInclude Include="Engine\GraphicsPipelines\Line3DGraphicsPipeline\Line3DGraphicsPipeline.h" />
    <ClInclude Include="Engine\GraphicsPipelines\BaseGraphicsPipeline\BaseGraphicsPipeline.h" />
    <ClInclude Include="Engine\GameObject\GameObject.h" />
  </ItemGroup>
  <ItemGroup>
    <ClCompile Include="App\Game\Game.cpp">
      <Filter>App\Game</Filter>
    </ClCompile>
    <ClCompile Include="Engine\3D\Base3D\WorldEntity\WorldEntity.cpp">
      <Filter>Engine\3D\Base3D\WorldEntity</Filter>
    </ClCompile>
    <ClCompile Include="Engine\3D\Base3D\WorldTransform\WorldTransform.cpp">
      <Filter>Engine\3D\Base3D\WorldTransform</Filter>
    </ClCompile>
    <ClCompile Include="Engine\3D\Camera3Ds\Camera3D\Camera3D.cpp">
      <Filter>Engine\3D\Camera3Ds\Camera3D</Filter>
    </ClCompile>
    <ClCompile Include="Engine\3D\Camera3Ds\DebugCamera3D\DebugCamera3D.cpp">
      <Filter>Engine\3D\Camera3Ds\DebugCamera3D</Filter>
    </ClCompile>
    <ClCompile Include="Engine\3D\RenderObjects3D\BaseRenderable3D\BaseRenderable3D.cpp">
      <Filter>Engine\3D\RenderObjects3D\BaseRenderable3D</Filter>
    </ClCompile>
    <ClCompile Include="Engine\3D\RenderObjects3D\Object3D\Object3D.cpp">
      <Filter>Engine\3D\RenderObjects3D\Object3D</Filter>
    </ClCompile>
    <ClCompile Include="Engine\3D\RenderObjects3D\Object3DSkinning\Object3DSkinning.cpp">
      <Filter>Engine\3D\RenderObjects3D\Object3DSkinning</Filter>
    </ClCompile>
    <ClCompile Include="Engine\3D\RenderObjects3D\Primitive3D\Primitive3D.cpp">
      <Filter>Engine\3D\RenderObjects3D\Primitive3D</Filter>
    </ClCompile>
    <ClCompile Include="Engine\3D\Shapes3D\Mesh\Mesh.cpp">
      <Filter>Engine\3D\Shapes3D\Mesh</Filter>
    </ClCompile>
    <ClCompile Include="Engine\3D\Shapes3D\Model\Model.cpp">
      <Filter>Engine\3D\Shapes3D\Model</Filter>
    </ClCompile>
    <ClCompile Include="Engine\3D\Shapes3D\PrimitiveShapes3D\BasePrimitiveShape3D\BasePrimitiveShape3D.cpp">
      <Filter>Engine\3D\Shapes3D\PrimitiveShapes3D\BasePrimitiveShape3D</Filter>
    </ClCompile>
    <ClCompile Include="Engine\3D\Shapes3D\PrimitiveShapes3D\Plane\Plane.cpp">
      <Filter>Engine\3D\Shapes3D\PrimitiveShapes3D\Plane</Filter>
    </ClCompile>
    <ClCompile Include="Engine\3D\Shapes3D\PrimitiveShapes3D\Sphere\Sphere.cpp">
      <Filter>Engine\3D\Shapes3D\PrimitiveShapes3D\Sphere</Filter>
    </ClCompile>
    <ClCompile Include="Engine\3D\Shapes3D\SkinningMesh\SkinningMesh.cpp">
      <Filter>Engine\3D\Shapes3D\SkinningMesh</Filter>
    </ClCompile>
    <ClCompile Include="Engine\3D\Shapes3D\SkinningModel\SkinningModel.cpp">
      <Filter>Engine\3D\Shapes3D\SkinningModel</Filter>
    </ClCompile>
    <ClCompile Include="Engine\3D\Skeleton\Skeleton.cpp">
      <Filter>Engine\3D\Skeleton</Filter>
    </ClCompile>
    <ClCompile Include="Engine\AssetContainers\AnimationDataContainer\AnimationDataContainer.cpp">
      <Filter>Engine\AssetContainers\AnimationDataContainer</Filter>
    </ClCompile>
    <ClCompile Include="Engine\AssetContainers\ModelDataContainer\ModelDataContainer.cpp">
      <Filter>Engine\AssetContainers\ModelDataContainer</Filter>
    </ClCompile>
    <ClCompile Include="Engine\AssetContainers\SoundDataContainer\SoundDataContainer.cpp">
      <Filter>Engine\AssetContainers\SoundDataContainer</Filter>
    </ClCompile>
    <ClCompile Include="Engine\AssetContainers\TextureDataContainer\TextureDataContainer.cpp">
      <Filter>Engine\AssetContainers\TextureDataContainer</Filter>
    </ClCompile>
    <ClCompile Include="Engine\Camera3DManager\Camera3DManager.cpp">
      <Filter>Engine\Camera3DManager</Filter>
    </ClCompile>
    <ClCompile Include="Engine\ComputePipelines\SkinningComputePipeline\SkinningComputePipeline.cpp">
      <Filter>Engine\ComputePipelines\SkinningComputePipeline</Filter>
    </ClCompile>
    <ClCompile Include="Engine\DeltaTimer\DeltaTimer.cpp">
      <Filter>Engine\DeltaTimer</Filter>
    </ClCompile>
    <ClCompile Include="Engine\DirectInput\DirectInput.cpp">
      <Filter>Engine\DirectInput</Filter>
    </ClCompile>
    <ClCompile Include="Engine\DirectX\DXGI\DXGI.cpp">
      <Filter>Engine\DirectX\DXGI</Filter>
    </ClCompile>
    <ClCompile Include="Engine\DirectX\DepthStencil\DepthStencil.cpp">
      <Filter>Engine\DirectX\DepthStencil</Filter>
    </ClCompile>
    <ClCompile Include="Engine\DirectX\DirectXCommand\DirectXCommand.cpp">
      <Filter>Engine\DirectX\DirectXCommand</Filter>
    </ClCompile>
    <ClCompile Include="Engine\DirectX\Fence\Fence.cpp">
      <Filter>Engine\DirectX\Fence</Filter>
    </ClCompile>
    <ClCompile Include="Engine\DirectX\RenderTarget\RenderTarget.cpp">
      <Filter>Engine\DirectX\RenderTarget</Filter>
    </ClCompile>
    <ClCompile Include="Engine\DirectX\ResourceBarrier\ResourceBarrier.cpp">
      <Filter>Engine\DirectX\ResourceBarrier</Filter>
    </ClCompile>
    <ClCompile Include="Engine\DirectX\ScissorRect\ScissorRect.cpp">
      <Filter>Engine\DirectX\ScissorRect</Filter>
    </ClCompile>
    <ClCompile Include="Engine\DirectX\ShaderCompiler\ShaderCompiler.cpp">
      <Filter>Engine\DirectX\ShaderCompiler</Filter>
    </ClCompile>
    <ClCompile Include="Engine\DirectX\SwapChain\SwapChain.cpp">
      <Filter>Engine\DirectX\SwapChain</Filter>
    </ClCompile>
    <ClCompile Include="Engine\DirectX\Viewport\Viewport.cpp">
      <Filter>Engine\DirectX\Viewport</Filter>
    </ClCompile>
    <ClCompile Include="Engine\FPSController\FPSController.cpp">
      <Filter>Engine\FPSController</Filter>
    </ClCompile>
    <ClCompile Include="Engine\Framework\MAGI.cpp">
      <Filter>Engine\Framework</Filter>
    </ClCompile>
    <ClCompile Include="Engine\GUI\GUI.cpp">
      <Filter>Engine\GUI</Filter>
    </ClCompile>
    <ClCompile Include="Engine\GraphicsPipelines\Object3DGraphicsPipeline\Object3DGraphicsPipeline.cpp">
      <Filter>Engine\GraphicsPipelines\Object3DGraphicsPipeline</Filter>
    </ClCompile>
    <ClCompile Include="Engine\ImGuiController\ImGuiController.cpp">
      <Filter>Engine\ImGuiController</Filter>
    </ClCompile>
    <ClCompile Include="Engine\Includes\MAGIUitility\MAGIUtility.cpp">
      <Filter>Engine\Includes\MAGIUitility</Filter>
    </ClCompile>
    <ClCompile Include="Engine\Includes\Math\Utility\MathUtility.cpp">
      <Filter>Engine\Includes\Math\Utility</Filter>
    </ClCompile>
    <ClCompile Include="Engine\LeakChecker\D3DResourceLeakChecker.cpp">
      <Filter>Engine\LeakChecker</Filter>
    </ClCompile>
    <ClCompile Include="Engine\Includes\Logger\Logger.cpp">
      <Filter>Engine\Logger</Filter>
    </ClCompile>
    <ClCompile Include="Engine\PipelineManagers\ComputePipelineManager\ComputePipelineManager.cpp">
      <Filter>Engine\PipelineManagers\ComputePipelineManager</Filter>
    </ClCompile>
    <ClCompile Include="Engine\PipelineManagers\GraphicsPipelineManager\GraphicsPipelineManager.cpp">
      <Filter>Engine\PipelineManagers\GraphicsPipelineManager</Filter>
    </ClCompile>
    <ClCompile Include="Engine\PunctualLightManager\PunctualLightManager.cpp">
      <Filter>Engine\PunctualLightManager</Filter>
    </ClCompile>
    <ClCompile Include="Engine\ViewManagers\BaseViewManager\BaseViewManager.cpp">
      <Filter>Engine\ViewManagers\BaseViewManager</Filter>
    </ClCompile>
    <ClCompile Include="Engine\ViewManagers\DSVManager\DSVManager.cpp">
      <Filter>Engine\ViewManagers\DSVManager</Filter>
    </ClCompile>
    <ClCompile Include="Engine\ViewManagers\RTVManager\RTVManager.cpp">
      <Filter>Engine\ViewManagers\RTVManager</Filter>
    </ClCompile>
    <ClCompile Include="Engine\ViewManagers\SRVUAVManager\SRVUAVManager.cpp">
      <Filter>Engine\ViewManagers\SRVUAVManager</Filter>
    </ClCompile>
    <ClCompile Include="Engine\WindowApp\WindowApp.cpp">
      <Filter>Engine\WindowApp</Filter>
    </ClCompile>
    <ClCompile Include="main.cpp" />
    <ClCompile Include="Engine\AssetContainers\PrimitiveShapeDataContainer\PrimitiveShapeDataContainer.cpp" />
    <ClCompile Include="Engine\2D\Object2D\Object2D.cpp" />
    <ClCompile Include="Engine\2D\WorldTransform2D\WorldTransform2D.cpp" />
    <ClCompile Include="Engine\GraphicsPipelines\Object2DGraphicsPipeline\Object2DGraphicsPipeline.cpp" />
    <ClCompile Include="Engine\Includes\Random\Random.cpp" />
    <ClCompile Include="Engine\LineDrawer3D\LineDrawer3D.cpp" />
    <ClCompile Include="Engine\GraphicsPipelines\Line3DGraphicsPipeline\Line3DGraphicsPipeline.cpp" />
    <ClCompile Include="Engine\GraphicsPipelines\BaseGraphicsPipeline\BaseGraphicsPipeline.cpp" />
    <ClCompile Include="Engine\GameObject\GameObject.cpp" />
  </ItemGroup>
  <ItemGroup>
    <None Include="Engine\SceneManager\SceneManager.ipp">
      <Filter>Engine\SceneManager</Filter>
    </None>
    <None Include="Resources\Shaders\Object2D\Object2D.hlsli" />
    <None Include="Resources\Shaders\Line3D\Line3D.hlsli" />
  </ItemGroup>
  <ItemGroup>
    <FxCompile Include="Resources\Shaders\Object2D\Object2D.VS.hlsl" />
    <FxCompile Include="Resources\Shaders\Object2D\Object2D.PS.hlsl" />
    <FxCompile Include="Resources\Shaders\Line3D\Line3D.VS.hlsl" />
    <FxCompile Include="Resources\Shaders\Line3D\Line3D.PS.hlsl" />
  </ItemGroup>
</Project>