<?xml version="1.0" encoding="utf-8"?>
<Project ToolsVersion="4.0" xmlns="http://schemas.microsoft.com/developer/msbuild/2003">
  <ItemGroup>
    <Filter Include="Engine">
      <UniqueIdentifier>{DBC7D3B0-C769-FE86-B024-12DB9C6585D7}</UniqueIdentifier>
    </Filter>
    <Filter Include="Engine\Logger">
      <UniqueIdentifier>{4A198B49-B6D9-0680-7F14-50FDEB934B5C}</UniqueIdentifier>
    </Filter>
  </ItemGroup>
  <ItemGroup>
    <ClInclude Include="Engine\Logger\Logger.h">
      <Filter>Engine\Logger</Filter>
    </ClInclude>
    <ClInclude Include="Engine\Framework\MAGI.h" />
    <ClInclude Include="Engine\WindowApp\WindowApp.h" />
    <ClInclude Include="App\Game\Game.h" />
    <ClInclude Include="Engine\LeakChecker\D3DResourceLeakChecker.h" />
    <ClInclude Include="Engine\DirectInput\DirectInput.h" />
    <ClInclude Include="Engine\Enums\XInputEnum.h" />
    <ClInclude Include="Engine\ComPtr\ComPtr.h" />
    <ClInclude Include="Engine\Enums\MouseInputEnum.h" />
  </ItemGroup>
  <ItemGroup>
    <ClCompile Include="Engine\Logger\Logger.cpp">
      <Filter>Engine\Logger</Filter>
    </ClCompile>
    <ClCompile Include="main.cpp" />
    <ClCompile Include="Engine\Framework\MAGI.cpp" />
    <ClCompile Include="Engine\WindowApp\WindowApp.cpp" />
    <ClCompile Include="App\Game\Game.cpp" />
    <ClCompile Include="Engine\LeakChecker\D3DResourceLeakChecker.cpp" />
    <ClCompile Include="Engine\DirectInput\DirectInput.cpp" />
  </ItemGroup>
</Project>